
Microsoft Visual Studio Solution File, Format Version 12.00
# Visual Studio 15
VisualStudioVersion = 15.0.28010.2026
MinimumVisualStudioVersion = 10.0.40219.1
Project("{8BC9CEB8-8B4A-11D0-8D11-00A0C91BC942}") = "01Elso", "01Elso\01Elso.vcxproj", "{F7F75A14-49A3-4199-BAD8-4B7D977DB24F}"
EndProject
Global
	GlobalSection(SolutionConfigurationPlatforms) = preSolution
		Debug|x64 = Debug|x64
		Debug|x86 = Debug|x86
		Release|x64 = Release|x64
		Release|x86 = Release|x86
	EndGlobalSection
	GlobalSection(ProjectConfigurationPlatforms) = postSolution
		{F7F75A14-49A3-4199-BAD8-4B7D977DB24F}.Debug|x64.ActiveCfg = Debug|x64
		{F7F75A14-49A3-4199-BAD8-4B7D977DB24F}.Debug|x64.Build.0 = Debug|x64
		{F7F75A14-49A3-4199-BAD8-4B7D977DB24F}.Debug|x86.ActiveCfg = Debug|Win32
		{F7F75A14-49A3-4199-BAD8-4B7D977DB24F}.Debug|x86.Build.0 = Debug|Win32
		{F7F75A14-49A3-4199-BAD8-4B7D977DB24F}.Release|x64.ActiveCfg = Release|x64
		{F7F75A14-49A3-4199-BAD8-4B7D977DB24F}.Release|x64.Build.0 = Release|x64
		{F7F75A14-49A3-4199-BAD8-4B7D977DB24F}.Release|x86.ActiveCfg = Release|Win32
		{F7F75A14-49A3-4199-BAD8-4B7D977DB24F}.Release|x86.Build.0 = Release|Win32
	EndGlobalSection
	GlobalSection(SolutionProperties) = preSolution
		HideSolutionNode = FALSE
	EndGlobalSection
	GlobalSection(ExtensibilityGlobals) = postSolution
		SolutionGuid = {86481BE8-55C5-46F0-B187-3190B1EA8E34}
	EndGlobalSection
EndGlobal
